// !$*UTF8*$!
{
	archiveVersion = 1;
	classes = {
	};
	objectVersion = 46;
	objects = {

/* Begin PBXBuildFile section */
		97EB34C71A1868BDA61EA3F1 /* libPods-QuickStart-Swift.a in Frameworks */ = {isa = PBXBuildFile; fileRef = F023D10BA255479D2D933874 /* libPods-QuickStart-Swift.a */; };
		C83598E61B4C8F010050B21F /* AppDelegate.swift in Sources */ = {isa = PBXBuildFile; fileRef = C83598E51B4C8F010050B21F /* AppDelegate.swift */; };
		C83598E81B4C8F010050B21F /* LQSViewController.swift in Sources */ = {isa = PBXBuildFile; fileRef = C83598E71B4C8F010050B21F /* LQSViewController.swift */; };
		C83598EB1B4C8F010050B21F /* Main.storyboard in Resources */ = {isa = PBXBuildFile; fileRef = C83598E91B4C8F010050B21F /* Main.storyboard */; };
		C83598ED1B4C8F010050B21F /* Images.xcassets in Resources */ = {isa = PBXBuildFile; fileRef = C83598EC1B4C8F010050B21F /* Images.xcassets */; };
		C83598F01B4C8F010050B21F /* LaunchScreen.xib in Resources */ = {isa = PBXBuildFile; fileRef = C83598EE1B4C8F010050B21F /* LaunchScreen.xib */; };
		C83598FC1B4C8F010050B21F /* QuickStart_SwiftTests.swift in Sources */ = {isa = PBXBuildFile; fileRef = C83598FB1B4C8F010050B21F /* QuickStart_SwiftTests.swift */; };
		C862CDD11B53ECA300BFBA1E /* LQSAnnouncementsTableViewController.swift in Sources */ = {isa = PBXBuildFile; fileRef = C862CDD01B53ECA300BFBA1E /* LQSAnnouncementsTableViewController.swift */; };
		C862CDD31B54082200BFBA1E /* LQSAnnouncementsTableViewCell.swift in Sources */ = {isa = PBXBuildFile; fileRef = C862CDD21B54082200BFBA1E /* LQSAnnouncementsTableViewCell.swift */; };
		C89BDA9A1B4D7E4300D6AB37 /* LQSChatMessageCell.swift in Sources */ = {isa = PBXBuildFile; fileRef = C89BDA991B4D7E4300D6AB37 /* LQSChatMessageCell.swift */; };
/* End PBXBuildFile section */

/* Begin PBXContainerItemProxy section */
		C83598F61B4C8F010050B21F /* PBXContainerItemProxy */ = {
			isa = PBXContainerItemProxy;
			containerPortal = C83598D81B4C8F010050B21F /* Project object */;
			proxyType = 1;
			remoteGlobalIDString = C83598DF1B4C8F010050B21F;
			remoteInfo = "QuickStart-Swift";
		};
/* End PBXContainerItemProxy section */

/* Begin PBXFileReference section */
		0A08DC430582E232D83747A8 /* Pods-QuickStart-Swift.release.xcconfig */ = {isa = PBXFileReference; includeInIndex = 1; lastKnownFileType = text.xcconfig; name = "Pods-QuickStart-Swift.release.xcconfig"; path = "Pods/Target Support Files/Pods-QuickStart-Swift/Pods-QuickStart-Swift.release.xcconfig"; sourceTree = "<group>"; };
		C83598E01B4C8F010050B21F /* QuickStart-Swift.app */ = {isa = PBXFileReference; explicitFileType = wrapper.application; includeInIndex = 0; path = "QuickStart-Swift.app"; sourceTree = BUILT_PRODUCTS_DIR; };
		C83598E41B4C8F010050B21F /* Info.plist */ = {isa = PBXFileReference; lastKnownFileType = text.plist.xml; path = Info.plist; sourceTree = "<group>"; };
		C83598E51B4C8F010050B21F /* AppDelegate.swift */ = {isa = PBXFileReference; lastKnownFileType = sourcecode.swift; path = AppDelegate.swift; sourceTree = "<group>"; };
		C83598E71B4C8F010050B21F /* LQSViewController.swift */ = {isa = PBXFileReference; lastKnownFileType = sourcecode.swift; path = LQSViewController.swift; sourceTree = "<group>"; };
		C83598EA1B4C8F010050B21F /* Base */ = {isa = PBXFileReference; lastKnownFileType = file.storyboard; name = Base; path = Base.lproj/Main.storyboard; sourceTree = "<group>"; };
		C83598EC1B4C8F010050B21F /* Images.xcassets */ = {isa = PBXFileReference; lastKnownFileType = folder.assetcatalog; path = Images.xcassets; sourceTree = "<group>"; };
		C83598EF1B4C8F010050B21F /* Base */ = {isa = PBXFileReference; lastKnownFileType = file.xib; name = Base; path = Base.lproj/LaunchScreen.xib; sourceTree = "<group>"; };
		C83598F51B4C8F010050B21F /* QuickStart-SwiftTests.xctest */ = {isa = PBXFileReference; explicitFileType = wrapper.cfbundle; includeInIndex = 0; path = "QuickStart-SwiftTests.xctest"; sourceTree = BUILT_PRODUCTS_DIR; };
		C83598FA1B4C8F010050B21F /* Info.plist */ = {isa = PBXFileReference; lastKnownFileType = text.plist.xml; path = Info.plist; sourceTree = "<group>"; };
		C83598FB1B4C8F010050B21F /* QuickStart_SwiftTests.swift */ = {isa = PBXFileReference; lastKnownFileType = sourcecode.swift; path = QuickStart_SwiftTests.swift; sourceTree = "<group>"; };
		C83599071B4C93170050B21F /* QuickStart-Swift-Bridging-Header.h */ = {isa = PBXFileReference; lastKnownFileType = sourcecode.c.h; path = "QuickStart-Swift-Bridging-Header.h"; sourceTree = SOURCE_ROOT; };
		C862CDD01B53ECA300BFBA1E /* LQSAnnouncementsTableViewController.swift */ = {isa = PBXFileReference; fileEncoding = 4; lastKnownFileType = sourcecode.swift; path = LQSAnnouncementsTableViewController.swift; sourceTree = "<group>"; };
		C862CDD21B54082200BFBA1E /* LQSAnnouncementsTableViewCell.swift */ = {isa = PBXFileReference; fileEncoding = 4; lastKnownFileType = sourcecode.swift; path = LQSAnnouncementsTableViewCell.swift; sourceTree = "<group>"; };
		C89BDA991B4D7E4300D6AB37 /* LQSChatMessageCell.swift */ = {isa = PBXFileReference; fileEncoding = 4; lastKnownFileType = sourcecode.swift; path = LQSChatMessageCell.swift; sourceTree = "<group>"; };
		F023D10BA255479D2D933874 /* libPods-QuickStart-Swift.a */ = {isa = PBXFileReference; explicitFileType = archive.ar; includeInIndex = 0; path = "libPods-QuickStart-Swift.a"; sourceTree = BUILT_PRODUCTS_DIR; };
		FDA6C2A9A3B2A4EB2A3344E7 /* Pods-QuickStart-Swift.debug.xcconfig */ = {isa = PBXFileReference; includeInIndex = 1; lastKnownFileType = text.xcconfig; name = "Pods-QuickStart-Swift.debug.xcconfig"; path = "Pods/Target Support Files/Pods-QuickStart-Swift/Pods-QuickStart-Swift.debug.xcconfig"; sourceTree = "<group>"; };
/* End PBXFileReference section */

/* Begin PBXFrameworksBuildPhase section */
		C83598DD1B4C8F010050B21F /* Frameworks */ = {
			isa = PBXFrameworksBuildPhase;
			buildActionMask = 2147483647;
			files = (
				97EB34C71A1868BDA61EA3F1 /* libPods-QuickStart-Swift.a in Frameworks */,
			);
			runOnlyForDeploymentPostprocessing = 0;
		};
		C83598F21B4C8F010050B21F /* Frameworks */ = {
			isa = PBXFrameworksBuildPhase;
			buildActionMask = 2147483647;
			files = (
			);
			runOnlyForDeploymentPostprocessing = 0;
		};
/* End PBXFrameworksBuildPhase section */

/* Begin PBXGroup section */
		3123FC79050381AB4895E28D /* Frameworks */ = {
			isa = PBXGroup;
			children = (
				F023D10BA255479D2D933874 /* libPods-QuickStart-Swift.a */,
			);
			name = Frameworks;
			sourceTree = "<group>";
		};
		C83598D71B4C8F010050B21F = {
			isa = PBXGroup;
			children = (
				C83598E21B4C8F010050B21F /* Code */,
				C83598F81B4C8F010050B21F /* QuickStart-SwiftTests */,
				C83598E11B4C8F010050B21F /* Products */,
				D944E9025A4A8E3ADEEEC8D4 /* Pods */,
				3123FC79050381AB4895E28D /* Frameworks */,
			);
			sourceTree = "<group>";
		};
		C83598E11B4C8F010050B21F /* Products */ = {
			isa = PBXGroup;
			children = (
				C83598E01B4C8F010050B21F /* QuickStart-Swift.app */,
				C83598F51B4C8F010050B21F /* QuickStart-SwiftTests.xctest */,
			);
			name = Products;
			sourceTree = "<group>";
		};
		C83598E21B4C8F010050B21F /* Code */ = {
			isa = PBXGroup;
			children = (
				C83599051B4C92540050B21F /* Views */,
				C83599061B4C92640050B21F /* Controllers */,
				C83598E51B4C8F010050B21F /* AppDelegate.swift */,
				C83598EC1B4C8F010050B21F /* Images.xcassets */,
				C83598EE1B4C8F010050B21F /* LaunchScreen.xib */,
				C83598E31B4C8F010050B21F /* Supporting Files */,
				C83599071B4C93170050B21F /* QuickStart-Swift-Bridging-Header.h */,
			);
			name = Code;
			path = "QuickStart-Swift";
			sourceTree = "<group>";
		};
		C83598E31B4C8F010050B21F /* Supporting Files */ = {
			isa = PBXGroup;
			children = (
				C83598E41B4C8F010050B21F /* Info.plist */,
			);
			name = "Supporting Files";
			sourceTree = "<group>";
		};
		C83598F81B4C8F010050B21F /* QuickStart-SwiftTests */ = {
			isa = PBXGroup;
			children = (
				C83598FB1B4C8F010050B21F /* QuickStart_SwiftTests.swift */,
				C83598F91B4C8F010050B21F /* Supporting Files */,
			);
			path = "QuickStart-SwiftTests";
			sourceTree = "<group>";
		};
		C83598F91B4C8F010050B21F /* Supporting Files */ = {
			isa = PBXGroup;
			children = (
				C83598FA1B4C8F010050B21F /* Info.plist */,
			);
			name = "Supporting Files";
			sourceTree = "<group>";
		};
		C83599051B4C92540050B21F /* Views */ = {
			isa = PBXGroup;
			children = (
				C83598E91B4C8F010050B21F /* Main.storyboard */,
				C89BDA991B4D7E4300D6AB37 /* LQSChatMessageCell.swift */,
				C862CDD21B54082200BFBA1E /* LQSAnnouncementsTableViewCell.swift */,
			);
			name = Views;
			sourceTree = "<group>";
		};
		C83599061B4C92640050B21F /* Controllers */ = {
			isa = PBXGroup;
			children = (
				C83598E71B4C8F010050B21F /* LQSViewController.swift */,
				C862CDD01B53ECA300BFBA1E /* LQSAnnouncementsTableViewController.swift */,
			);
			name = Controllers;
			sourceTree = "<group>";
		};
		D944E9025A4A8E3ADEEEC8D4 /* Pods */ = {
			isa = PBXGroup;
			children = (
				FDA6C2A9A3B2A4EB2A3344E7 /* Pods-QuickStart-Swift.debug.xcconfig */,
				0A08DC430582E232D83747A8 /* Pods-QuickStart-Swift.release.xcconfig */,
			);
			name = Pods;
			sourceTree = "<group>";
		};
/* End PBXGroup section */

/* Begin PBXNativeTarget section */
		C83598DF1B4C8F010050B21F /* QuickStart-Swift */ = {
			isa = PBXNativeTarget;
			buildConfigurationList = C83598FF1B4C8F010050B21F /* Build configuration list for PBXNativeTarget "QuickStart-Swift" */;
			buildPhases = (
				7A398ACC4174410EE91F38FA /* Check Pods Manifest.lock */,
				C83598DC1B4C8F010050B21F /* Sources */,
				C83598DD1B4C8F010050B21F /* Frameworks */,
				C83598DE1B4C8F010050B21F /* Resources */,
				E1C4EE004B91F9E3AA44870A /* Copy Pods Resources */,
			);
			buildRules = (
			);
			dependencies = (
			);
			name = "QuickStart-Swift";
			productName = "QuickStart-Swift";
			productReference = C83598E01B4C8F010050B21F /* QuickStart-Swift.app */;
			productType = "com.apple.product-type.application";
		};
		C83598F41B4C8F010050B21F /* QuickStart-SwiftTests */ = {
			isa = PBXNativeTarget;
			buildConfigurationList = C83599021B4C8F010050B21F /* Build configuration list for PBXNativeTarget "QuickStart-SwiftTests" */;
			buildPhases = (
				C83598F11B4C8F010050B21F /* Sources */,
				C83598F21B4C8F010050B21F /* Frameworks */,
				C83598F31B4C8F010050B21F /* Resources */,
			);
			buildRules = (
			);
			dependencies = (
				C83598F71B4C8F010050B21F /* PBXTargetDependency */,
			);
			name = "QuickStart-SwiftTests";
			productName = "QuickStart-SwiftTests";
			productReference = C83598F51B4C8F010050B21F /* QuickStart-SwiftTests.xctest */;
			productType = "com.apple.product-type.bundle.unit-test";
		};
/* End PBXNativeTarget section */

/* Begin PBXProject section */
		C83598D81B4C8F010050B21F /* Project object */ = {
			isa = PBXProject;
			attributes = {
				LastSwiftMigration = 0710;
				LastSwiftUpdateCheck = 0700;
				LastUpgradeCheck = 0710;
				ORGANIZATIONNAME = layer;
				TargetAttributes = {
					C83598DF1B4C8F010050B21F = {
						CreatedOnToolsVersion = 6.3.2;
					};
					C83598F41B4C8F010050B21F = {
						CreatedOnToolsVersion = 6.3.2;
						TestTargetID = C83598DF1B4C8F010050B21F;
					};
				};
			};
			buildConfigurationList = C83598DB1B4C8F010050B21F /* Build configuration list for PBXProject "QuickStart-Swift" */;
			compatibilityVersion = "Xcode 3.2";
			developmentRegion = English;
			hasScannedForEncodings = 0;
			knownRegions = (
				en,
				Base,
			);
			mainGroup = C83598D71B4C8F010050B21F;
			productRefGroup = C83598E11B4C8F010050B21F /* Products */;
			projectDirPath = "";
			projectRoot = "";
			targets = (
				C83598DF1B4C8F010050B21F /* QuickStart-Swift */,
				C83598F41B4C8F010050B21F /* QuickStart-SwiftTests */,
			);
		};
/* End PBXProject section */

/* Begin PBXResourcesBuildPhase section */
		C83598DE1B4C8F010050B21F /* Resources */ = {
			isa = PBXResourcesBuildPhase;
			buildActionMask = 2147483647;
			files = (
				C83598EB1B4C8F010050B21F /* Main.storyboard in Resources */,
				C83598F01B4C8F010050B21F /* LaunchScreen.xib in Resources */,
				C83598ED1B4C8F010050B21F /* Images.xcassets in Resources */,
			);
			runOnlyForDeploymentPostprocessing = 0;
		};
		C83598F31B4C8F010050B21F /* Resources */ = {
			isa = PBXResourcesBuildPhase;
			buildActionMask = 2147483647;
			files = (
			);
			runOnlyForDeploymentPostprocessing = 0;
		};
/* End PBXResourcesBuildPhase section */

/* Begin PBXShellScriptBuildPhase section */
		7A398ACC4174410EE91F38FA /* Check Pods Manifest.lock */ = {
			isa = PBXShellScriptBuildPhase;
			buildActionMask = 2147483647;
			files = (
			);
			inputPaths = (
			);
			name = "Check Pods Manifest.lock";
			outputPaths = (
			);
			runOnlyForDeploymentPostprocessing = 0;
			shellPath = /bin/sh;
			shellScript = "diff \"${PODS_ROOT}/../Podfile.lock\" \"${PODS_ROOT}/Manifest.lock\" > /dev/null\nif [[ $? != 0 ]] ; then\n    cat << EOM\nerror: The sandbox is not in sync with the Podfile.lock. Run 'pod install' or update your CocoaPods installation.\nEOM\n    exit 1\nfi\n";
			showEnvVarsInLog = 0;
		};
		E1C4EE004B91F9E3AA44870A /* Copy Pods Resources */ = {
			isa = PBXShellScriptBuildPhase;
			buildActionMask = 2147483647;
			files = (
			);
			inputPaths = (
			);
			name = "Copy Pods Resources";
			outputPaths = (
			);
			runOnlyForDeploymentPostprocessing = 0;
			shellPath = /bin/sh;
			shellScript = "\"${SRCROOT}/Pods/Target Support Files/Pods-QuickStart-Swift/Pods-QuickStart-Swift-resources.sh\"\n";
			showEnvVarsInLog = 0;
		};
/* End PBXShellScriptBuildPhase section */

/* Begin PBXSourcesBuildPhase section */
		C83598DC1B4C8F010050B21F /* Sources */ = {
			isa = PBXSourcesBuildPhase;
			buildActionMask = 2147483647;
			files = (
				C83598E81B4C8F010050B21F /* LQSViewController.swift in Sources */,
				C862CDD31B54082200BFBA1E /* LQSAnnouncementsTableViewCell.swift in Sources */,
				C862CDD11B53ECA300BFBA1E /* LQSAnnouncementsTableViewController.swift in Sources */,
				C89BDA9A1B4D7E4300D6AB37 /* LQSChatMessageCell.swift in Sources */,
				C83598E61B4C8F010050B21F /* AppDelegate.swift in Sources */,
			);
			runOnlyForDeploymentPostprocessing = 0;
		};
		C83598F11B4C8F010050B21F /* Sources */ = {
			isa = PBXSourcesBuildPhase;
			buildActionMask = 2147483647;
			files = (
				C83598FC1B4C8F010050B21F /* QuickStart_SwiftTests.swift in Sources */,
			);
			runOnlyForDeploymentPostprocessing = 0;
		};
/* End PBXSourcesBuildPhase section */

/* Begin PBXTargetDependency section */
		C83598F71B4C8F010050B21F /* PBXTargetDependency */ = {
			isa = PBXTargetDependency;
			target = C83598DF1B4C8F010050B21F /* QuickStart-Swift */;
			targetProxy = C83598F61B4C8F010050B21F /* PBXContainerItemProxy */;
		};
/* End PBXTargetDependency section */

/* Begin PBXVariantGroup section */
		C83598E91B4C8F010050B21F /* Main.storyboard */ = {
			isa = PBXVariantGroup;
			children = (
				C83598EA1B4C8F010050B21F /* Base */,
			);
			name = Main.storyboard;
			sourceTree = "<group>";
		};
		C83598EE1B4C8F010050B21F /* LaunchScreen.xib */ = {
			isa = PBXVariantGroup;
			children = (
				C83598EF1B4C8F010050B21F /* Base */,
			);
			name = LaunchScreen.xib;
			sourceTree = "<group>";
		};
/* End PBXVariantGroup section */

/* Begin XCBuildConfiguration section */
		C83598FD1B4C8F010050B21F /* Debug */ = {
			isa = XCBuildConfiguration;
			buildSettings = {
				ALWAYS_SEARCH_USER_PATHS = NO;
				CLANG_CXX_LANGUAGE_STANDARD = "gnu++0x";
				CLANG_CXX_LIBRARY = "libc++";
				CLANG_ENABLE_MODULES = YES;
				CLANG_ENABLE_OBJC_ARC = YES;
				CLANG_WARN_BOOL_CONVERSION = YES;
				CLANG_WARN_CONSTANT_CONVERSION = YES;
				CLANG_WARN_DIRECT_OBJC_ISA_USAGE = YES_ERROR;
				CLANG_WARN_EMPTY_BODY = YES;
				CLANG_WARN_ENUM_CONVERSION = YES;
				CLANG_WARN_INT_CONVERSION = YES;
				CLANG_WARN_OBJC_ROOT_CLASS = YES_ERROR;
				CLANG_WARN_UNREACHABLE_CODE = YES;
				CLANG_WARN__DUPLICATE_METHOD_MATCH = YES;
				"CODE_SIGN_IDENTITY[sdk=iphoneos*]" = "iPhone Developer";
				COPY_PHASE_STRIP = NO;
				DEBUG_INFORMATION_FORMAT = "dwarf-with-dsym";
				ENABLE_STRICT_OBJC_MSGSEND = YES;
				ENABLE_TESTABILITY = YES;
				GCC_C_LANGUAGE_STANDARD = gnu99;
				GCC_DYNAMIC_NO_PIC = NO;
				GCC_NO_COMMON_BLOCKS = YES;
				GCC_OPTIMIZATION_LEVEL = 0;
				GCC_PREPROCESSOR_DEFINITIONS = (
					"DEBUG=1",
					"$(inherited)",
				);
				GCC_SYMBOLS_PRIVATE_EXTERN = NO;
				GCC_WARN_64_TO_32_BIT_CONVERSION = YES;
				GCC_WARN_ABOUT_RETURN_TYPE = YES_ERROR;
				GCC_WARN_UNDECLARED_SELECTOR = YES;
				GCC_WARN_UNINITIALIZED_AUTOS = YES_AGGRESSIVE;
				GCC_WARN_UNUSED_FUNCTION = YES;
				GCC_WARN_UNUSED_VARIABLE = YES;
				IPHONEOS_DEPLOYMENT_TARGET = 8.1;
				MTL_ENABLE_DEBUG_INFO = YES;
				ONLY_ACTIVE_ARCH = YES;
				SDKROOT = iphoneos;
				SWIFT_OPTIMIZATION_LEVEL = "-Onone";
			};
			name = Debug;
		};
		C83598FE1B4C8F010050B21F /* Release */ = {
			isa = XCBuildConfiguration;
			buildSettings = {
				ALWAYS_SEARCH_USER_PATHS = NO;
				CLANG_CXX_LANGUAGE_STANDARD = "gnu++0x";
				CLANG_CXX_LIBRARY = "libc++";
				CLANG_ENABLE_MODULES = YES;
				CLANG_ENABLE_OBJC_ARC = YES;
				CLANG_WARN_BOOL_CONVERSION = YES;
				CLANG_WARN_CONSTANT_CONVERSION = YES;
				CLANG_WARN_DIRECT_OBJC_ISA_USAGE = YES_ERROR;
				CLANG_WARN_EMPTY_BODY = YES;
				CLANG_WARN_ENUM_CONVERSION = YES;
				CLANG_WARN_INT_CONVERSION = YES;
				CLANG_WARN_OBJC_ROOT_CLASS = YES_ERROR;
				CLANG_WARN_UNREACHABLE_CODE = YES;
				CLANG_WARN__DUPLICATE_METHOD_MATCH = YES;
				"CODE_SIGN_IDENTITY[sdk=iphoneos*]" = "iPhone Developer";
				COPY_PHASE_STRIP = NO;
				DEBUG_INFORMATION_FORMAT = "dwarf-with-dsym";
				ENABLE_NS_ASSERTIONS = NO;
				ENABLE_STRICT_OBJC_MSGSEND = YES;
				GCC_C_LANGUAGE_STANDARD = gnu99;
				GCC_NO_COMMON_BLOCKS = YES;
				GCC_WARN_64_TO_32_BIT_CONVERSION = YES;
				GCC_WARN_ABOUT_RETURN_TYPE = YES_ERROR;
				GCC_WARN_UNDECLARED_SELECTOR = YES;
				GCC_WARN_UNINITIALIZED_AUTOS = YES_AGGRESSIVE;
				GCC_WARN_UNUSED_FUNCTION = YES;
				GCC_WARN_UNUSED_VARIABLE = YES;
				IPHONEOS_DEPLOYMENT_TARGET = 8.1;
				MTL_ENABLE_DEBUG_INFO = NO;
				SDKROOT = iphoneos;
				VALIDATE_PRODUCT = YES;
			};
			name = Release;
		};
		C83599001B4C8F010050B21F /* Debug */ = {
			isa = XCBuildConfiguration;
			baseConfigurationReference = FDA6C2A9A3B2A4EB2A3344E7 /* Pods-QuickStart-Swift.debug.xcconfig */;
			buildSettings = {
				ASSETCATALOG_COMPILER_APPICON_NAME = AppIcon;
				ASSETCATALOG_COMPILER_LAUNCHIMAGE_NAME = LaunchImage;
				CLANG_ENABLE_MODULES = YES;
				CODE_SIGN_IDENTITY = "iPhone Developer";
				INFOPLIST_FILE = "QuickStart-Swift/Info.plist";
				IPHONEOS_DEPLOYMENT_TARGET = 8.1;
				LD_RUNPATH_SEARCH_PATHS = "$(inherited) @executable_path/Frameworks";
				PRODUCT_BUNDLE_IDENTIFIER = "com.layer.$(PRODUCT_NAME:rfc1034identifier)";
				PRODUCT_NAME = "$(TARGET_NAME)";
				SWIFT_OBJC_BRIDGING_HEADER = "QuickStart-Swift-Bridging-Header.h";
				SWIFT_OPTIMIZATION_LEVEL = "-Onone";
			};
			name = Debug;
		};
		C83599011B4C8F010050B21F /* Release */ = {
			isa = XCBuildConfiguration;
			baseConfigurationReference = 0A08DC430582E232D83747A8 /* Pods-QuickStart-Swift.release.xcconfig */;
			buildSettings = {
				ASSETCATALOG_COMPILER_APPICON_NAME = AppIcon;
				ASSETCATALOG_COMPILER_LAUNCHIMAGE_NAME = LaunchImage;
				CLANG_ENABLE_MODULES = YES;
				CODE_SIGN_IDENTITY = "iPhone Developer";
				INFOPLIST_FILE = "QuickStart-Swift/Info.plist";
				IPHONEOS_DEPLOYMENT_TARGET = 8.1;
				LD_RUNPATH_SEARCH_PATHS = "$(inherited) @executable_path/Frameworks";
				PRODUCT_BUNDLE_IDENTIFIER = "com.layer.$(PRODUCT_NAME:rfc1034identifier)";
				PRODUCT_NAME = "$(TARGET_NAME)";
				SWIFT_OBJC_BRIDGING_HEADER = "QuickStart-Swift-Bridging-Header.h";
			};
			name = Release;
		};
		C83599031B4C8F010050B21F /* Debug */ = {
			isa = XCBuildConfiguration;
			buildSettings = {
				BUNDLE_LOADER = "$(TEST_HOST)";
				FRAMEWORK_SEARCH_PATHS = (
					"$(SDKROOT)/Developer/Library/Frameworks",
					"$(inherited)",
				);
				GCC_PREPROCESSOR_DEFINITIONS = (
					"DEBUG=1",
					"$(inherited)",
				);
				INFOPLIST_FILE = "QuickStart-SwiftTests/Info.plist";
				LD_RUNPATH_SEARCH_PATHS = "$(inherited) @executable_path/Frameworks @loader_path/Frameworks";
				PRODUCT_BUNDLE_IDENTIFIER = "com.layer.$(PRODUCT_NAME:rfc1034identifier)";
				PRODUCT_NAME = "$(TARGET_NAME)";
				TEST_HOST = "$(BUILT_PRODUCTS_DIR)/QuickStart-Swift.app/QuickStart-Swift";
			};
			name = Debug;
		};
		C83599041B4C8F010050B21F /* Release */ = {
			isa = XCBuildConfiguration;
			buildSettings = {
				BUNDLE_LOADER = "$(TEST_HOST)";
				FRAMEWORK_SEARCH_PATHS = (
					"$(SDKROOT)/Developer/Library/Frameworks",
					"$(inherited)",
				);
				INFOPLIST_FILE = "QuickStart-SwiftTests/Info.plist";
				LD_RUNPATH_SEARCH_PATHS = "$(inherited) @executable_path/Frameworks @loader_path/Frameworks";
				PRODUCT_BUNDLE_IDENTIFIER = "com.layer.$(PRODUCT_NAME:rfc1034identifier)";
				PRODUCT_NAME = "$(TARGET_NAME)";
				TEST_HOST = "$(BUILT_PRODUCTS_DIR)/QuickStart-Swift.app/QuickStart-Swift";
			};
			name = Release;
		};
/* End XCBuildConfiguration section */

/* Begin XCConfigurationList section */
		C83598DB1B4C8F010050B21F /* Build configuration list for PBXProject "QuickStart-Swift" */ = {
			isa = XCConfigurationList;
			buildConfigurations = (
				C83598FD1B4C8F010050B21F /* Debug */,
				C83598FE1B4C8F010050B21F /* Release */,
			);
			defaultConfigurationIsVisible = 0;
			defaultConfigurationName = Release;
		};
		C83598FF1B4C8F010050B21F /* Build configuration list for PBXNativeTarget "QuickStart-Swift" */ = {
			isa = XCConfigurationList;
			buildConfigurations = (
				C83599001B4C8F010050B21F /* Debug */,
				C83599011B4C8F010050B21F /* Release */,
			);
			defaultConfigurationIsVisible = 0;
			defaultConfigurationName = Release;
		};
		C83599021B4C8F010050B21F /* Build configuration list for PBXNativeTarget "QuickStart-SwiftTests" */ = {
			isa = XCConfigurationList;
			buildConfigurations = (
				C83599031B4C8F010050B21F /* Debug */,
				C83599041B4C8F010050B21F /* Release */,
			);
			defaultConfigurationIsVisible = 0;
			defaultConfigurationName = Release;
		};
/* End XCConfigurationList section */
	};
	rootObject = C83598D81B4C8F010050B21F /* Project object */;
}
